
Microsoft Visual Studio Solution File, Format Version 12.00
# Visual Studio Version 17
VisualStudioVersion = 17.0.32014.148
MinimumVisualStudioVersion = 10.0.40219.1
Project("{FAE04EC0-301F-11D3-BF4B-00C04F79EFBC}") = "kalkulator", "kalkulator\kalkulator.csproj", "{21B0A12B-90B9-460F-B531-67618CC959AE}"
EndProject
Global
	GlobalSection(SolutionConfigurationPlatforms) = preSolution
		Debug|Any CPU = Debug|Any CPU
		Release|Any CPU = Release|Any CPU
	EndGlobalSection
	GlobalSection(ProjectConfigurationPlatforms) = postSolution
		{21B0A12B-90B9-460F-B531-67618CC959AE}.Debug|Any CPU.ActiveCfg = Debug|Any CPU
		{21B0A12B-90B9-460F-B531-67618CC959AE}.Debug|Any CPU.Build.0 = Debug|Any CPU
		{21B0A12B-90B9-460F-B531-67618CC959AE}.Release|Any CPU.ActiveCfg = Release|Any CPU
		{21B0A12B-90B9-460F-B531-67618CC959AE}.Release|Any CPU.Build.0 = Release|Any CPU
	EndGlobalSection
	GlobalSection(SolutionProperties) = preSolution
		HideSolutionNode = FALSE
	EndGlobalSection
	GlobalSection(ExtensibilityGlobals) = postSolution
		SolutionGuid = {FF25ACEB-654F-4C36-9009-6FBC92DC233C}
	EndGlobalSection
EndGlobal
